// !$*UTF8*$!
{
	archiveVersion = 1;
	classes = {
	};
	objectVersion = 55;
	objects = {

/* Begin PBXBuildFile section */
		DD1094B7275C952500A5AAEB /* CPU.swift in Sources */ = {isa = PBXBuildFile; fileRef = DD1094B2275C952400A5AAEB /* CPU.swift */; };
		DD1094B8275C952500A5AAEB /* CPU+BaseInstructions.swift in Sources */ = {isa = PBXBuildFile; fileRef = DD1094B3275C952400A5AAEB /* CPU+BaseInstructions.swift */; };
		DD1094BA275C952500A5AAEB /* CPU+Util.swift in Sources */ = {isa = PBXBuildFile; fileRef = DD1094B5275C952500A5AAEB /* CPU+Util.swift */; };
		DD1094BB275C952500A5AAEB /* Motherboard.swift in Sources */ = {isa = PBXBuildFile; fileRef = DD1094B6275C952500A5AAEB /* Motherboard.swift */; };
		DD1094C2275C979100A5AAEB /* CPU+Pipeline.swift in Sources */ = {isa = PBXBuildFile; fileRef = DD1094C1275C979100A5AAEB /* CPU+Pipeline.swift */; };
		DD1094C4275CF4A600A5AAEB /* Tile.swift in Sources */ = {isa = PBXBuildFile; fileRef = DD1094C3275CF4A600A5AAEB /* Tile.swift */; };
		DD25D08B275F96F7005E45D4 /* Cartridge.swift in Sources */ = {isa = PBXBuildFile; fileRef = DD25D08A275F96F7005E45D4 /* Cartridge.swift */; };
		DD25D08D275F9895005E45D4 /* CartridgeMeta.swift in Sources */ = {isa = PBXBuildFile; fileRef = DD25D08C275F9895005E45D4 /* CartridgeMeta.swift */; };
		DD25D091275FAB5A005E45D4 /* GPU.swift in Sources */ = {isa = PBXBuildFile; fileRef = DD25D090275FAB5A005E45D4 /* GPU.swift */; };
		DD25D094275FBD53005E45D4 /* LCDCRegister.swift in Sources */ = {isa = PBXBuildFile; fileRef = DD25D093275FBD53005E45D4 /* LCDCRegister.swift */; };
		DD25D0962760E7D7005E45D4 /* BaseRegister.swift in Sources */ = {isa = PBXBuildFile; fileRef = DD25D0952760E7D7005E45D4 /* BaseRegister.swift */; };
		DD25D0982760F5F1005E45D4 /* STATRegister.swift in Sources */ = {isa = PBXBuildFile; fileRef = DD25D0972760F5F1005E45D4 /* STATRegister.swift */; };
		DD25D09A2760F8DD005E45D4 /* PaletteRegister.swift in Sources */ = {isa = PBXBuildFile; fileRef = DD25D0992760F8DD005E45D4 /* PaletteRegister.swift */; };
		DD25D09C27623B34005E45D4 /* RAM.swift in Sources */ = {isa = PBXBuildFile; fileRef = DD25D09B27623B34005E45D4 /* RAM.swift */; };
		DD5A71D2280A77BD00ED994F /* SnapKit in Frameworks */ = {isa = PBXBuildFile; productRef = DD5A71D1280A77BD00ED994F /* SnapKit */; };
		DD5A71D4280AE39F00ED994F /* DevPanelView.swift in Sources */ = {isa = PBXBuildFile; fileRef = DD5A71D3280AE39F00ED994F /* DevPanelView.swift */; };
		DD5A71D6280B0DC600ED994F /* WindowUtil.swift in Sources */ = {isa = PBXBuildFile; fileRef = DD5A71D5280B0DC600ED994F /* WindowUtil.swift */; };
		DD5A71D8280B192900ED994F /* SwitchWithTitle.swift in Sources */ = {isa = PBXBuildFile; fileRef = DD5A71D7280B192900ED994F /* SwitchWithTitle.swift */; };
		DD5A71DA280B2FD300ED994F /* Renderer+DevMode.swift in Sources */ = {isa = PBXBuildFile; fileRef = DD5A71D9280B2FD200ED994F /* Renderer+DevMode.swift */; };
		DD68123E2801961300164A32 /* SoundController.swift in Sources */ = {isa = PBXBuildFile; fileRef = DD68123D2801961300164A32 /* SoundController.swift */; };
		DD68124128019A3900164A32 /* AudioKit in Frameworks */ = {isa = PBXBuildFile; productRef = DD68124028019A3900164A32 /* AudioKit */; };
		DD6C14C427A5861400809779 /* Renderer.swift in Sources */ = {isa = PBXBuildFile; fileRef = DD6C14C327A5861400809779 /* Renderer.swift */; };
		DD70BF6F27B7992B00CA9F1C /* BootRom.swift in Sources */ = {isa = PBXBuildFile; fileRef = DD70BF6E27B7992B00CA9F1C /* BootRom.swift */; };
		DD70BF7227B7995400CA9F1C /* BootRomLoader.swift in Sources */ = {isa = PBXBuildFile; fileRef = DD70BF7127B7995400CA9F1C /* BootRomLoader.swift */; };
		DD70BF7427B7A20900CA9F1C /* MyDocumentPicker.swift in Sources */ = {isa = PBXBuildFile; fileRef = DD70BF7327B7A20900CA9F1C /* MyDocumentPicker.swift */; };
		DD897FB227A2FC5D0073C1BB /* GameController.framework in Frameworks */ = {isa = PBXBuildFile; fileRef = DD897FB127A2FC5D0073C1BB /* GameController.framework */; };
		DDAB2D8F27A95E1F00BBA499 /* DummyCart.swift in Sources */ = {isa = PBXBuildFile; fileRef = DDAB2D8E27A95E1F00BBA499 /* DummyCart.swift */; };
		DDAB2D9127A9876000BBA499 /* GameBoy.swift in Sources */ = {isa = PBXBuildFile; fileRef = DDAB2D9027A9876000BBA499 /* GameBoy.swift */; };
		DDAB2D9327AAC07200BBA499 /* MBC2.swift in Sources */ = {isa = PBXBuildFile; fileRef = DDAB2D9227AAC07200BBA499 /* MBC2.swift */; };
		DDAB2D9527AAF47000BBA499 /* FPSMetric.swift in Sources */ = {isa = PBXBuildFile; fileRef = DDAB2D9427AAF47000BBA499 /* FPSMetric.swift */; };
		DDAB2D9727AC3D8900BBA499 /* GameBoyLCDView.swift in Sources */ = {isa = PBXBuildFile; fileRef = DDAB2D9627AC3D8900BBA499 /* GameBoyLCDView.swift */; };
		DDAB2D9B27AD757A00BBA499 /* MainMenuView.swift in Sources */ = {isa = PBXBuildFile; fileRef = DDAB2D9A27AD757A00BBA499 /* MainMenuView.swift */; };
		DDADA169275E564200ACFBA8 /* CPU+CBInstructions.swift in Sources */ = {isa = PBXBuildFile; fileRef = DDADA168275E564200ACFBA8 /* CPU+CBInstructions.swift */; };
		DDB24A4527B7F7AB00435CC2 /* MainViewController.swift in Sources */ = {isa = PBXBuildFile; fileRef = DDB24A4427B7F7AB00435CC2 /* MainViewController.swift */; };
		DDB24A4727B7F81000435CC2 /* VirtualJoyPadView.swift in Sources */ = {isa = PBXBuildFile; fileRef = DDB24A4627B7F81000435CC2 /* VirtualJoyPadView.swift */; };
		DDB24A4A27B7F93C00435CC2 /* VirtualJoyPadInteractiveZone.swift in Sources */ = {isa = PBXBuildFile; fileRef = DDB24A4927B7F93C00435CC2 /* VirtualJoyPadInteractiveZone.swift */; };
		DDB24A5227B954FD00435CC2 /* Main.storyboard in Resources */ = {isa = PBXBuildFile; fileRef = DDB24A5127B954FD00435CC2 /* Main.storyboard */; };
		DDB24A5327B956A700435CC2 /* pixelated.ttf in Resources */ = {isa = PBXBuildFile; fileRef = DDAB2D9827AD44F600BBA499 /* pixelated.ttf */; };
		DDB24A5527B961F200435CC2 /* VirtualJoyPadDPad.swift in Sources */ = {isa = PBXBuildFile; fileRef = DDB24A5427B961F200435CC2 /* VirtualJoyPadDPad.swift */; };
		DDBF87062801D56600E608C7 /* SoundChannel2.swift in Sources */ = {isa = PBXBuildFile; fileRef = DDBF87052801D56600E608C7 /* SoundChannel2.swift */; };
		DDBF87082801D5BE00E608C7 /* ToneSoundChannel.swift in Sources */ = {isa = PBXBuildFile; fileRef = DDBF87072801D5BD00E608C7 /* ToneSoundChannel.swift */; };
		DDBF870A2802BADF00E608C7 /* SoundChannelDelegate.swift in Sources */ = {isa = PBXBuildFile; fileRef = DDBF87092802BADF00E608C7 /* SoundChannelDelegate.swift */; };
		DDBF870C2802D30700E608C7 /* SoundChannel1.swift in Sources */ = {isa = PBXBuildFile; fileRef = DDBF870B2802D30700E608C7 /* SoundChannel1.swift */; };
		DDCBC56B2808611F006D8D0D /* RegNR41.swift in Sources */ = {isa = PBXBuildFile; fileRef = DDCBC56A2808611F006D8D0D /* RegNR41.swift */; };
		DDCBC56D280861E7006D8D0D /* RegNR42.swift in Sources */ = {isa = PBXBuildFile; fileRef = DDCBC56C280861E7006D8D0D /* RegNR42.swift */; };
		DDCBC56F28086208006D8D0D /* RegNR43.swift in Sources */ = {isa = PBXBuildFile; fileRef = DDCBC56E28086208006D8D0D /* RegNR43.swift */; };
		DDCBC571280863D4006D8D0D /* RegNR44.swift in Sources */ = {isa = PBXBuildFile; fileRef = DDCBC570280863D4006D8D0D /* RegNR44.swift */; };
		DDCBC573280863FD006D8D0D /* SoundChannel4.swift in Sources */ = {isa = PBXBuildFile; fileRef = DDCBC572280863FD006D8D0D /* SoundChannel4.swift */; };
		DDCBC577280946E6006D8D0D /* LSFR.swift in Sources */ = {isa = PBXBuildFile; fileRef = DDCBC576280946E6006D8D0D /* LSFR.swift */; };
		DDD4A04227AEC32300A6AF07 /* MBC5.swift in Sources */ = {isa = PBXBuildFile; fileRef = DDD4A04127AEC32300A6AF07 /* MBC5.swift */; };
		DDD84FD2276EFFF200E475D3 /* CartridgeLoader.swift in Sources */ = {isa = PBXBuildFile; fileRef = DDD84FD1276EFFF200E475D3 /* CartridgeLoader.swift */; };
		DDD84FD4276F171E00E475D3 /* MBC1.swift in Sources */ = {isa = PBXBuildFile; fileRef = DDD84FD3276F171E00E475D3 /* MBC1.swift */; };
		DDD84FD8276F21D800E475D3 /* MBCBase.swift in Sources */ = {isa = PBXBuildFile; fileRef = DDD84FD7276F21D800E475D3 /* MBCBase.swift */; };
		DDD84FDA276F24F900E475D3 /* ROMOnly.swift in Sources */ = {isa = PBXBuildFile; fileRef = DDD84FD9276F24F900E475D3 /* ROMOnly.swift */; };
		DDD84FDC276F64B000E475D3 /* InterruptEnableRegister.swift in Sources */ = {isa = PBXBuildFile; fileRef = DDD84FDB276F64B000E475D3 /* InterruptEnableRegister.swift */; };
		DDD84FDE276F663800E475D3 /* InterruptFlagRegister.swift in Sources */ = {isa = PBXBuildFile; fileRef = DDD84FDD276F663800E475D3 /* InterruptFlagRegister.swift */; };
		DDE6B60727985B9300D74122 /* CPUTimer.swift in Sources */ = {isa = PBXBuildFile; fileRef = DDE6B60627985B9300D74122 /* CPUTimer.swift */; };
		DDE6B61C279D0B0700D74122 /* JoypadButton.swift in Sources */ = {isa = PBXBuildFile; fileRef = DDE6B61B279D0B0700D74122 /* JoypadButton.swift */; };
		DDE6B61E279D0B8000D74122 /* Joypad.swift in Sources */ = {isa = PBXBuildFile; fileRef = DDE6B61D279D0B8000D74122 /* Joypad.swift */; };
		DDE6B620279D10C900D74122 /* MemoryAccessable.swift in Sources */ = {isa = PBXBuildFile; fileRef = DDE6B61F279D10C900D74122 /* MemoryAccessable.swift */; };
		DDE6B623279D194200D74122 /* InterruptManager.swift in Sources */ = {isa = PBXBuildFile; fileRef = DDE6B622279D194200D74122 /* InterruptManager.swift */; };
		DDE6B62D279D6E8600D74122 /* KeyInputMask.swift in Sources */ = {isa = PBXBuildFile; fileRef = DDE6B62C279D6E8600D74122 /* KeyInputMask.swift */; };
		DDE6B62F279D904F00D74122 /* MBC3.swift in Sources */ = {isa = PBXBuildFile; fileRef = DDE6B62E279D904F00D74122 /* MBC3.swift */; };
		DDE6B63327A03B0C00D74122 /* Sprite.swift in Sources */ = {isa = PBXBuildFile; fileRef = DDE6B63227A03B0B00D74122 /* Sprite.swift */; };
		DDE6B63527A04F8800D74122 /* Palette.swift in Sources */ = {isa = PBXBuildFile; fileRef = DDE6B63427A04F8800D74122 /* Palette.swift */; };
		DDF24ECB274FCA8C007929DA /* AppDelegate.swift in Sources */ = {isa = PBXBuildFile; fileRef = DDF24ECA274FCA8C007929DA /* AppDelegate.swift */; };
		DDF24ECF274FCA8C007929DA /* ViewController.swift in Sources */ = {isa = PBXBuildFile; fileRef = DDF24ECE274FCA8C007929DA /* ViewController.swift */; };
		DDF24ED4274FCA8F007929DA /* Assets.xcassets in Resources */ = {isa = PBXBuildFile; fileRef = DDF24ED3274FCA8F007929DA /* Assets.xcassets */; };
		DDF24ED7274FCA8F007929DA /* LaunchScreen.storyboard in Resources */ = {isa = PBXBuildFile; fileRef = DDF24ED5274FCA8F007929DA /* LaunchScreen.storyboard */; };
		DDF24EE2274FCA8F007929DA /* SwiftyBoyTests.swift in Sources */ = {isa = PBXBuildFile; fileRef = DDF24EE1274FCA8F007929DA /* SwiftyBoyTests.swift */; };
		DDF47ED22803216300018667 /* SoundChannelBase.swift in Sources */ = {isa = PBXBuildFile; fileRef = DDF47ED12803216300018667 /* SoundChannelBase.swift */; };
		DDF47ED42803236600018667 /* RegNR52.swift in Sources */ = {isa = PBXBuildFile; fileRef = DDF47ED32803236600018667 /* RegNR52.swift */; };
		DDF47ED62803D0D800018667 /* SoundChannel3.swift in Sources */ = {isa = PBXBuildFile; fileRef = DDF47ED52803D0D800018667 /* SoundChannel3.swift */; };
		DDF47ED82803D6FB00018667 /* RegNR30.swift in Sources */ = {isa = PBXBuildFile; fileRef = DDF47ED72803D6FB00018667 /* RegNR30.swift */; };
		DDF47EDA2803D7AB00018667 /* RegNR31.swift in Sources */ = {isa = PBXBuildFile; fileRef = DDF47ED92803D7AB00018667 /* RegNR31.swift */; };
		DDF47EDC2803D83600018667 /* RegNR32.swift in Sources */ = {isa = PBXBuildFile; fileRef = DDF47EDB2803D83600018667 /* RegNR32.swift */; };
		DDF47EDE2803D93C00018667 /* RegNR33.swift in Sources */ = {isa = PBXBuildFile; fileRef = DDF47EDD2803D93C00018667 /* RegNR33.swift */; };
		DDF47EE02803DA7100018667 /* RegNR34.swift in Sources */ = {isa = PBXBuildFile; fileRef = DDF47EDF2803DA7100018667 /* RegNR34.swift */; };
		DDF47EE228043FD500018667 /* RegSweepParam.swift in Sources */ = {isa = PBXBuildFile; fileRef = DDF47EE128043FD500018667 /* RegSweepParam.swift */; };
		DDF47EE62804417F00018667 /* RegSoundLengthAndWaveDuty.swift in Sources */ = {isa = PBXBuildFile; fileRef = DDF47EE52804417F00018667 /* RegSoundLengthAndWaveDuty.swift */; };
		DDF47EE82804421700018667 /* SoundModeReg.swift in Sources */ = {isa = PBXBuildFile; fileRef = DDF47EE72804421700018667 /* SoundModeReg.swift */; };
		DDF47EEA2804427C00018667 /* RegEnvelopParam.swift in Sources */ = {isa = PBXBuildFile; fileRef = DDF47EE92804427C00018667 /* RegEnvelopParam.swift */; };
		DDF47EEC280443A700018667 /* RegFrequencyLo.swift in Sources */ = {isa = PBXBuildFile; fileRef = DDF47EEB280443A700018667 /* RegFrequencyLo.swift */; };
		DDF47EEE280444ED00018667 /* RegInitializeParam.swift in Sources */ = {isa = PBXBuildFile; fileRef = DDF47EED280444ED00018667 /* RegInitializeParam.swift */; };
/* End PBXBuildFile section */

/* Begin PBXContainerItemProxy section */
		DDF24EDE274FCA8F007929DA /* PBXContainerItemProxy */ = {
			isa = PBXContainerItemProxy;
			containerPortal = DDF24EBF274FCA8C007929DA /* Project object */;
			proxyType = 1;
			remoteGlobalIDString = DDF24EC6274FCA8C007929DA;
			remoteInfo = SwiftyBoy;
		};
/* End PBXContainerItemProxy section */

/* Begin PBXFileReference section */
		DD1094B2275C952400A5AAEB /* CPU.swift */ = {isa = PBXFileReference; fileEncoding = 4; lastKnownFileType = sourcecode.swift; path = CPU.swift; sourceTree = "<group>"; };
		DD1094B3275C952400A5AAEB /* CPU+BaseInstructions.swift */ = {isa = PBXFileReference; fileEncoding = 4; lastKnownFileType = sourcecode.swift; path = "CPU+BaseInstructions.swift"; sourceTree = "<group>"; };
		DD1094B5275C952500A5AAEB /* CPU+Util.swift */ = {isa = PBXFileReference; fileEncoding = 4; lastKnownFileType = sourcecode.swift; path = "CPU+Util.swift"; sourceTree = "<group>"; };
		DD1094B6275C952500A5AAEB /* Motherboard.swift */ = {isa = PBXFileReference; fileEncoding = 4; lastKnownFileType = sourcecode.swift; path = Motherboard.swift; sourceTree = "<group>"; };
		DD1094C1275C979100A5AAEB /* CPU+Pipeline.swift */ = {isa = PBXFileReference; fileEncoding = 4; lastKnownFileType = sourcecode.swift; path = "CPU+Pipeline.swift"; sourceTree = "<group>"; };
		DD1094C3275CF4A600A5AAEB /* Tile.swift */ = {isa = PBXFileReference; lastKnownFileType = sourcecode.swift; path = Tile.swift; sourceTree = "<group>"; };
		DD25D08A275F96F7005E45D4 /* Cartridge.swift */ = {isa = PBXFileReference; lastKnownFileType = sourcecode.swift; path = Cartridge.swift; sourceTree = "<group>"; };
		DD25D08C275F9895005E45D4 /* CartridgeMeta.swift */ = {isa = PBXFileReference; lastKnownFileType = sourcecode.swift; path = CartridgeMeta.swift; sourceTree = "<group>"; };
		DD25D090275FAB5A005E45D4 /* GPU.swift */ = {isa = PBXFileReference; lastKnownFileType = sourcecode.swift; path = GPU.swift; sourceTree = "<group>"; };
		DD25D093275FBD53005E45D4 /* LCDCRegister.swift */ = {isa = PBXFileReference; lastKnownFileType = sourcecode.swift; path = LCDCRegister.swift; sourceTree = "<group>"; };
		DD25D0952760E7D7005E45D4 /* BaseRegister.swift */ = {isa = PBXFileReference; lastKnownFileType = sourcecode.swift; path = BaseRegister.swift; sourceTree = "<group>"; };
		DD25D0972760F5F1005E45D4 /* STATRegister.swift */ = {isa = PBXFileReference; lastKnownFileType = sourcecode.swift; path = STATRegister.swift; sourceTree = "<group>"; };
		DD25D0992760F8DD005E45D4 /* PaletteRegister.swift */ = {isa = PBXFileReference; lastKnownFileType = sourcecode.swift; path = PaletteRegister.swift; sourceTree = "<group>"; };
		DD25D09B27623B34005E45D4 /* RAM.swift */ = {isa = PBXFileReference; lastKnownFileType = sourcecode.swift; path = RAM.swift; sourceTree = "<group>"; };
		DD5A71D3280AE39F00ED994F /* DevPanelView.swift */ = {isa = PBXFileReference; lastKnownFileType = sourcecode.swift; path = DevPanelView.swift; sourceTree = "<group>"; };
		DD5A71D5280B0DC600ED994F /* WindowUtil.swift */ = {isa = PBXFileReference; lastKnownFileType = sourcecode.swift; path = WindowUtil.swift; sourceTree = "<group>"; };
		DD5A71D7280B192900ED994F /* SwitchWithTitle.swift */ = {isa = PBXFileReference; lastKnownFileType = sourcecode.swift; path = SwitchWithTitle.swift; sourceTree = "<group>"; };
		DD5A71D9280B2FD200ED994F /* Renderer+DevMode.swift */ = {isa = PBXFileReference; lastKnownFileType = sourcecode.swift; path = "Renderer+DevMode.swift"; sourceTree = "<group>"; };
		DD68123D2801961300164A32 /* SoundController.swift */ = {isa = PBXFileReference; lastKnownFileType = sourcecode.swift; path = SoundController.swift; sourceTree = "<group>"; };
		DD6C14C327A5861400809779 /* Renderer.swift */ = {isa = PBXFileReference; lastKnownFileType = sourcecode.swift; path = Renderer.swift; sourceTree = "<group>"; };
		DD70BF6E27B7992B00CA9F1C /* BootRom.swift */ = {isa = PBXFileReference; lastKnownFileType = sourcecode.swift; path = BootRom.swift; sourceTree = "<group>"; };
		DD70BF7127B7995400CA9F1C /* BootRomLoader.swift */ = {isa = PBXFileReference; lastKnownFileType = sourcecode.swift; path = BootRomLoader.swift; sourceTree = "<group>"; };
		DD70BF7327B7A20900CA9F1C /* MyDocumentPicker.swift */ = {isa = PBXFileReference; lastKnownFileType = sourcecode.swift; path = MyDocumentPicker.swift; sourceTree = "<group>"; };
		DD897FB127A2FC5D0073C1BB /* GameController.framework */ = {isa = PBXFileReference; lastKnownFileType = wrapper.framework; name = GameController.framework; path = System/Library/Frameworks/GameController.framework; sourceTree = SDKROOT; };
		DDAB2D8E27A95E1F00BBA499 /* DummyCart.swift */ = {isa = PBXFileReference; lastKnownFileType = sourcecode.swift; path = DummyCart.swift; sourceTree = "<group>"; };
		DDAB2D9027A9876000BBA499 /* GameBoy.swift */ = {isa = PBXFileReference; lastKnownFileType = sourcecode.swift; path = GameBoy.swift; sourceTree = "<group>"; };
		DDAB2D9227AAC07200BBA499 /* MBC2.swift */ = {isa = PBXFileReference; lastKnownFileType = sourcecode.swift; path = MBC2.swift; sourceTree = "<group>"; };
		DDAB2D9427AAF47000BBA499 /* FPSMetric.swift */ = {isa = PBXFileReference; lastKnownFileType = sourcecode.swift; path = FPSMetric.swift; sourceTree = "<group>"; };
		DDAB2D9627AC3D8900BBA499 /* GameBoyLCDView.swift */ = {isa = PBXFileReference; lastKnownFileType = sourcecode.swift; path = GameBoyLCDView.swift; sourceTree = "<group>"; };
		DDAB2D9827AD44F600BBA499 /* pixelated.ttf */ = {isa = PBXFileReference; lastKnownFileType = file; path = pixelated.ttf; sourceTree = "<group>"; };
		DDAB2D9A27AD757A00BBA499 /* MainMenuView.swift */ = {isa = PBXFileReference; lastKnownFileType = sourcecode.swift; path = MainMenuView.swift; sourceTree = "<group>"; };
		DDADA168275E564200ACFBA8 /* CPU+CBInstructions.swift */ = {isa = PBXFileReference; fileEncoding = 4; lastKnownFileType = sourcecode.swift; path = "CPU+CBInstructions.swift"; sourceTree = "<group>"; };
		DDB24A4427B7F7AB00435CC2 /* MainViewController.swift */ = {isa = PBXFileReference; lastKnownFileType = sourcecode.swift; path = MainViewController.swift; sourceTree = "<group>"; };
		DDB24A4627B7F81000435CC2 /* VirtualJoyPadView.swift */ = {isa = PBXFileReference; lastKnownFileType = sourcecode.swift; path = VirtualJoyPadView.swift; sourceTree = "<group>"; };
		DDB24A4927B7F93C00435CC2 /* VirtualJoyPadInteractiveZone.swift */ = {isa = PBXFileReference; lastKnownFileType = sourcecode.swift; path = VirtualJoyPadInteractiveZone.swift; sourceTree = "<group>"; };
		DDB24A5127B954FD00435CC2 /* Main.storyboard */ = {isa = PBXFileReference; lastKnownFileType = file.storyboard; path = Main.storyboard; sourceTree = "<group>"; };
		DDB24A5427B961F200435CC2 /* VirtualJoyPadDPad.swift */ = {isa = PBXFileReference; lastKnownFileType = sourcecode.swift; path = VirtualJoyPadDPad.swift; sourceTree = "<group>"; };
		DDBF87052801D56600E608C7 /* SoundChannel2.swift */ = {isa = PBXFileReference; lastKnownFileType = sourcecode.swift; path = SoundChannel2.swift; sourceTree = "<group>"; };
		DDBF87072801D5BD00E608C7 /* ToneSoundChannel.swift */ = {isa = PBXFileReference; lastKnownFileType = sourcecode.swift; path = ToneSoundChannel.swift; sourceTree = "<group>"; };
		DDBF87092802BADF00E608C7 /* SoundChannelDelegate.swift */ = {isa = PBXFileReference; lastKnownFileType = sourcecode.swift; path = SoundChannelDelegate.swift; sourceTree = "<group>"; };
		DDBF870B2802D30700E608C7 /* SoundChannel1.swift */ = {isa = PBXFileReference; lastKnownFileType = sourcecode.swift; path = SoundChannel1.swift; sourceTree = "<group>"; };
		DDCBC56A2808611F006D8D0D /* RegNR41.swift */ = {isa = PBXFileReference; lastKnownFileType = sourcecode.swift; path = RegNR41.swift; sourceTree = "<group>"; };
		DDCBC56C280861E7006D8D0D /* RegNR42.swift */ = {isa = PBXFileReference; lastKnownFileType = sourcecode.swift; path = RegNR42.swift; sourceTree = "<group>"; };
		DDCBC56E28086208006D8D0D /* RegNR43.swift */ = {isa = PBXFileReference; lastKnownFileType = sourcecode.swift; path = RegNR43.swift; sourceTree = "<group>"; };
		DDCBC570280863D4006D8D0D /* RegNR44.swift */ = {isa = PBXFileReference; lastKnownFileType = sourcecode.swift; path = RegNR44.swift; sourceTree = "<group>"; };
		DDCBC572280863FD006D8D0D /* SoundChannel4.swift */ = {isa = PBXFileReference; lastKnownFileType = sourcecode.swift; path = SoundChannel4.swift; sourceTree = "<group>"; };
		DDCBC576280946E6006D8D0D /* LSFR.swift */ = {isa = PBXFileReference; lastKnownFileType = sourcecode.swift; path = LSFR.swift; sourceTree = "<group>"; };
		DDD4A04127AEC32300A6AF07 /* MBC5.swift */ = {isa = PBXFileReference; lastKnownFileType = sourcecode.swift; path = MBC5.swift; sourceTree = "<group>"; };
		DDD84FD1276EFFF200E475D3 /* CartridgeLoader.swift */ = {isa = PBXFileReference; lastKnownFileType = sourcecode.swift; path = CartridgeLoader.swift; sourceTree = "<group>"; };
		DDD84FD3276F171E00E475D3 /* MBC1.swift */ = {isa = PBXFileReference; lastKnownFileType = sourcecode.swift; path = MBC1.swift; sourceTree = "<group>"; };
		DDD84FD7276F21D800E475D3 /* MBCBase.swift */ = {isa = PBXFileReference; lastKnownFileType = sourcecode.swift; path = MBCBase.swift; sourceTree = "<group>"; };
		DDD84FD9276F24F900E475D3 /* ROMOnly.swift */ = {isa = PBXFileReference; lastKnownFileType = sourcecode.swift; path = ROMOnly.swift; sourceTree = "<group>"; };
		DDD84FDB276F64B000E475D3 /* InterruptEnableRegister.swift */ = {isa = PBXFileReference; lastKnownFileType = sourcecode.swift; path = InterruptEnableRegister.swift; sourceTree = "<group>"; };
		DDD84FDD276F663800E475D3 /* InterruptFlagRegister.swift */ = {isa = PBXFileReference; lastKnownFileType = sourcecode.swift; path = InterruptFlagRegister.swift; sourceTree = "<group>"; };
		DDE6B60627985B9300D74122 /* CPUTimer.swift */ = {isa = PBXFileReference; lastKnownFileType = sourcecode.swift; path = CPUTimer.swift; sourceTree = "<group>"; };
		DDE6B61B279D0B0700D74122 /* JoypadButton.swift */ = {isa = PBXFileReference; lastKnownFileType = sourcecode.swift; path = JoypadButton.swift; sourceTree = "<group>"; };
		DDE6B61D279D0B8000D74122 /* Joypad.swift */ = {isa = PBXFileReference; lastKnownFileType = sourcecode.swift; path = Joypad.swift; sourceTree = "<group>"; };
		DDE6B61F279D10C900D74122 /* MemoryAccessable.swift */ = {isa = PBXFileReference; lastKnownFileType = sourcecode.swift; path = MemoryAccessable.swift; sourceTree = "<group>"; };
		DDE6B622279D194200D74122 /* InterruptManager.swift */ = {isa = PBXFileReference; lastKnownFileType = sourcecode.swift; path = InterruptManager.swift; sourceTree = "<group>"; };
		DDE6B62C279D6E8600D74122 /* KeyInputMask.swift */ = {isa = PBXFileReference; lastKnownFileType = sourcecode.swift; path = KeyInputMask.swift; sourceTree = "<group>"; };
		DDE6B62E279D904F00D74122 /* MBC3.swift */ = {isa = PBXFileReference; lastKnownFileType = sourcecode.swift; path = MBC3.swift; sourceTree = "<group>"; };
		DDE6B63227A03B0B00D74122 /* Sprite.swift */ = {isa = PBXFileReference; lastKnownFileType = sourcecode.swift; path = Sprite.swift; sourceTree = "<group>"; };
		DDE6B63427A04F8800D74122 /* Palette.swift */ = {isa = PBXFileReference; lastKnownFileType = sourcecode.swift; path = Palette.swift; sourceTree = "<group>"; };
		DDF24EC7274FCA8C007929DA /* SwiftyBoy.app */ = {isa = PBXFileReference; explicitFileType = wrapper.application; includeInIndex = 0; path = SwiftyBoy.app; sourceTree = BUILT_PRODUCTS_DIR; };
		DDF24ECA274FCA8C007929DA /* AppDelegate.swift */ = {isa = PBXFileReference; lastKnownFileType = sourcecode.swift; path = AppDelegate.swift; sourceTree = "<group>"; };
		DDF24ECE274FCA8C007929DA /* ViewController.swift */ = {isa = PBXFileReference; lastKnownFileType = sourcecode.swift; path = ViewController.swift; sourceTree = "<group>"; };
		DDF24ED3274FCA8F007929DA /* Assets.xcassets */ = {isa = PBXFileReference; lastKnownFileType = folder.assetcatalog; path = Assets.xcassets; sourceTree = "<group>"; };
		DDF24ED6274FCA8F007929DA /* Base */ = {isa = PBXFileReference; lastKnownFileType = file.storyboard; name = Base; path = Base.lproj/LaunchScreen.storyboard; sourceTree = "<group>"; };
		DDF24EDD274FCA8F007929DA /* SwiftyBoyTests.xctest */ = {isa = PBXFileReference; explicitFileType = wrapper.cfbundle; includeInIndex = 0; path = SwiftyBoyTests.xctest; sourceTree = BUILT_PRODUCTS_DIR; };
		DDF24EE1274FCA8F007929DA /* SwiftyBoyTests.swift */ = {isa = PBXFileReference; lastKnownFileType = sourcecode.swift; path = SwiftyBoyTests.swift; sourceTree = "<group>"; };
		DDF24EFD274FCCD9007929DA /* SwiftyBoy.entitlements */ = {isa = PBXFileReference; lastKnownFileType = text.plist.entitlements; path = SwiftyBoy.entitlements; sourceTree = "<group>"; };
		DDF47ED12803216300018667 /* SoundChannelBase.swift */ = {isa = PBXFileReference; lastKnownFileType = sourcecode.swift; path = SoundChannelBase.swift; sourceTree = "<group>"; };
		DDF47ED32803236600018667 /* RegNR52.swift */ = {isa = PBXFileReference; lastKnownFileType = sourcecode.swift; path = RegNR52.swift; sourceTree = "<group>"; };
		DDF47ED52803D0D800018667 /* SoundChannel3.swift */ = {isa = PBXFileReference; lastKnownFileType = sourcecode.swift; path = SoundChannel3.swift; sourceTree = "<group>"; };
		DDF47ED72803D6FB00018667 /* RegNR30.swift */ = {isa = PBXFileReference; lastKnownFileType = sourcecode.swift; path = RegNR30.swift; sourceTree = "<group>"; };
		DDF47ED92803D7AB00018667 /* RegNR31.swift */ = {isa = PBXFileReference; lastKnownFileType = sourcecode.swift; path = RegNR31.swift; sourceTree = "<group>"; };
		DDF47EDB2803D83600018667 /* RegNR32.swift */ = {isa = PBXFileReference; lastKnownFileType = sourcecode.swift; path = RegNR32.swift; sourceTree = "<group>"; };
		DDF47EDD2803D93C00018667 /* RegNR33.swift */ = {isa = PBXFileReference; lastKnownFileType = sourcecode.swift; path = RegNR33.swift; sourceTree = "<group>"; };
		DDF47EDF2803DA7100018667 /* RegNR34.swift */ = {isa = PBXFileReference; lastKnownFileType = sourcecode.swift; path = RegNR34.swift; sourceTree = "<group>"; };
		DDF47EE128043FD500018667 /* RegSweepParam.swift */ = {isa = PBXFileReference; lastKnownFileType = sourcecode.swift; path = RegSweepParam.swift; sourceTree = "<group>"; };
		DDF47EE52804417F00018667 /* RegSoundLengthAndWaveDuty.swift */ = {isa = PBXFileReference; lastKnownFileType = sourcecode.swift; path = RegSoundLengthAndWaveDuty.swift; sourceTree = "<group>"; };
		DDF47EE72804421700018667 /* SoundModeReg.swift */ = {isa = PBXFileReference; lastKnownFileType = sourcecode.swift; path = SoundModeReg.swift; sourceTree = "<group>"; };
		DDF47EE92804427C00018667 /* RegEnvelopParam.swift */ = {isa = PBXFileReference; lastKnownFileType = sourcecode.swift; path = RegEnvelopParam.swift; sourceTree = "<group>"; };
		DDF47EEB280443A700018667 /* RegFrequencyLo.swift */ = {isa = PBXFileReference; lastKnownFileType = sourcecode.swift; path = RegFrequencyLo.swift; sourceTree = "<group>"; };
		DDF47EED280444ED00018667 /* RegInitializeParam.swift */ = {isa = PBXFileReference; lastKnownFileType = sourcecode.swift; path = RegInitializeParam.swift; sourceTree = "<group>"; };
/* End PBXFileReference section */

/* Begin PBXFrameworksBuildPhase section */
		DDF24EC4274FCA8C007929DA /* Frameworks */ = {
			isa = PBXFrameworksBuildPhase;
			buildActionMask = 2147483647;
			files = (
				DD5A71D2280A77BD00ED994F /* SnapKit in Frameworks */,
				DD68124128019A3900164A32 /* AudioKit in Frameworks */,
				DD897FB227A2FC5D0073C1BB /* GameController.framework in Frameworks */,
			);
			runOnlyForDeploymentPostprocessing = 0;
		};
		DDF24EDA274FCA8F007929DA /* Frameworks */ = {
			isa = PBXFrameworksBuildPhase;
			buildActionMask = 2147483647;
			files = (
			);
			runOnlyForDeploymentPostprocessing = 0;
		};
/* End PBXFrameworksBuildPhase section */

/* Begin PBXGroup section */
		DD1094BC275C953300A5AAEB /* CPU */ = {
			isa = PBXGroup;
			children = (
				DD1094B2275C952400A5AAEB /* CPU.swift */,
				DD1094C1275C979100A5AAEB /* CPU+Pipeline.swift */,
				DDADA168275E564200ACFBA8 /* CPU+CBInstructions.swift */,
				DD1094B3275C952400A5AAEB /* CPU+BaseInstructions.swift */,
				DD1094B5275C952500A5AAEB /* CPU+Util.swift */,
				DDE6B60627985B9300D74122 /* CPUTimer.swift */,
				DDD84FDB276F64B000E475D3 /* InterruptEnableRegister.swift */,
				DDD84FDD276F663800E475D3 /* InterruptFlagRegister.swift */,
			);
			path = CPU;
			sourceTree = "<group>";
		};
		DD25D089275F96E6005E45D4 /* Cartridge */ = {
			isa = PBXGroup;
			children = (
				DD25D08A275F96F7005E45D4 /* Cartridge.swift */,
				DD25D08C275F9895005E45D4 /* CartridgeMeta.swift */,
				DDD84FD1276EFFF200E475D3 /* CartridgeLoader.swift */,
				DDD84FD7276F21D800E475D3 /* MBCBase.swift */,
				DDD84FD3276F171E00E475D3 /* MBC1.swift */,
				DDAB2D9227AAC07200BBA499 /* MBC2.swift */,
				DDE6B62E279D904F00D74122 /* MBC3.swift */,
				DDD4A04127AEC32300A6AF07 /* MBC5.swift */,
				DDD84FD9276F24F900E475D3 /* ROMOnly.swift */,
				DDAB2D8E27A95E1F00BBA499 /* DummyCart.swift */,
			);
			path = Cartridge;
			sourceTree = "<group>";
		};
		DD25D092275FBD3E005E45D4 /* GPU */ = {
			isa = PBXGroup;
			children = (
				DD1094C3275CF4A600A5AAEB /* Tile.swift */,
				DD25D090275FAB5A005E45D4 /* GPU.swift */,
				DD25D093275FBD53005E45D4 /* LCDCRegister.swift */,
				DD25D0972760F5F1005E45D4 /* STATRegister.swift */,
				DD25D0992760F8DD005E45D4 /* PaletteRegister.swift */,
				DDE6B63227A03B0B00D74122 /* Sprite.swift */,
				DDE6B63427A04F8800D74122 /* Palette.swift */,
				DD6C14C327A5861400809779 /* Renderer.swift */,
				DD5A71D9280B2FD200ED994F /* Renderer+DevMode.swift */,
			);
			path = GPU;
			sourceTree = "<group>";
		};
		DD68123C28018D2300164A32 /* Sound */ = {
			isa = PBXGroup;
			children = (
				DDF47ED12803216300018667 /* SoundChannelBase.swift */,
				DDBF87072801D5BD00E608C7 /* ToneSoundChannel.swift */,
				DDBF870B2802D30700E608C7 /* SoundChannel1.swift */,
				DDBF87052801D56600E608C7 /* SoundChannel2.swift */,
				DDF47ED52803D0D800018667 /* SoundChannel3.swift */,
				DDCBC572280863FD006D8D0D /* SoundChannel4.swift */,
				DD68123D2801961300164A32 /* SoundController.swift */,
				DDBF87092802BADF00E608C7 /* SoundChannelDelegate.swift */,
				DDF47EE72804421700018667 /* SoundModeReg.swift */,
				DDF47ED32803236600018667 /* RegNR52.swift */,
				DDF47ED72803D6FB00018667 /* RegNR30.swift */,
				DDF47ED92803D7AB00018667 /* RegNR31.swift */,
				DDF47EDB2803D83600018667 /* RegNR32.swift */,
				DDF47EDD2803D93C00018667 /* RegNR33.swift */,
				DDF47EDF2803DA7100018667 /* RegNR34.swift */,
				DDF47EE128043FD500018667 /* RegSweepParam.swift */,
				DDF47EE52804417F00018667 /* RegSoundLengthAndWaveDuty.swift */,
				DDF47EE92804427C00018667 /* RegEnvelopParam.swift */,
				DDF47EEB280443A700018667 /* RegFrequencyLo.swift */,
				DDF47EED280444ED00018667 /* RegInitializeParam.swift */,
				DDCBC56A2808611F006D8D0D /* RegNR41.swift */,
				DDCBC56C280861E7006D8D0D /* RegNR42.swift */,
				DDCBC56E28086208006D8D0D /* RegNR43.swift */,
				DDCBC570280863D4006D8D0D /* RegNR44.swift */,
				DDCBC576280946E6006D8D0D /* LSFR.swift */,
			);
			path = Sound;
			sourceTree = "<group>";
		};
		DD70BF7027B7993100CA9F1C /* BootRom */ = {
			isa = PBXGroup;
			children = (
				DD70BF6E27B7992B00CA9F1C /* BootRom.swift */,
				DD70BF7127B7995400CA9F1C /* BootRomLoader.swift */,
			);
			path = BootRom;
			sourceTree = "<group>";
		};
		DD897FB027A2FC5D0073C1BB /* Frameworks */ = {
			isa = PBXGroup;
			children = (
				DD897FB127A2FC5D0073C1BB /* GameController.framework */,
			);
			name = Frameworks;
			sourceTree = "<group>";
		};
		DDB24A4827B7F8D400435CC2 /* View */ = {
			isa = PBXGroup;
			children = (
				DDB24A4B27B7F96B00435CC2 /* VirtualJoyPad */,
				DDAB2D9627AC3D8900BBA499 /* GameBoyLCDView.swift */,
				DDAB2D9A27AD757A00BBA499 /* MainMenuView.swift */,
				DD5A71D3280AE39F00ED994F /* DevPanelView.swift */,
				DD5A71D7280B192900ED994F /* SwitchWithTitle.swift */,
			);
			path = View;
			sourceTree = "<group>";
		};
		DDB24A4B27B7F96B00435CC2 /* VirtualJoyPad */ = {
			isa = PBXGroup;
			children = (
				DDB24A4627B7F81000435CC2 /* VirtualJoyPadView.swift */,
				DDB24A4927B7F93C00435CC2 /* VirtualJoyPadInteractiveZone.swift */,
				DDB24A5427B961F200435CC2 /* VirtualJoyPadDPad.swift */,
			);
			path = VirtualJoyPad;
			sourceTree = "<group>";
		};
		DDB24A4D27B9517000435CC2 /* Font */ = {
			isa = PBXGroup;
			children = (
			);
			path = Font;
			sourceTree = "<group>";
		};
		DDE6B61A279D0AE900D74122 /* Joypad */ = {
			isa = PBXGroup;
			children = (
				DDE6B61B279D0B0700D74122 /* JoypadButton.swift */,
				DDE6B61D279D0B8000D74122 /* Joypad.swift */,
			);
			path = Joypad;
			sourceTree = "<group>";
		};
		DDE6B621279D157200D74122 /* Common */ = {
			isa = PBXGroup;
			children = (
				DD25D0952760E7D7005E45D4 /* BaseRegister.swift */,
				DDE6B61F279D10C900D74122 /* MemoryAccessable.swift */,
			);
			path = Common;
			sourceTree = "<group>";
		};
		DDF24EBE274FCA8C007929DA = {
			isa = PBXGroup;
			children = (
				DDF24EC9274FCA8C007929DA /* SwiftyBoy */,
				DDF24EE0274FCA8F007929DA /* SwiftyBoyTests */,
				DDF24EC8274FCA8C007929DA /* Products */,
				DD897FB027A2FC5D0073C1BB /* Frameworks */,
			);
			sourceTree = "<group>";
		};
		DDF24EC8274FCA8C007929DA /* Products */ = {
			isa = PBXGroup;
			children = (
				DDF24EC7274FCA8C007929DA /* SwiftyBoy.app */,
				DDF24EDD274FCA8F007929DA /* SwiftyBoyTests.xctest */,
			);
			name = Products;
			sourceTree = "<group>";
		};
		DDF24EC9274FCA8C007929DA /* SwiftyBoy */ = {
			isa = PBXGroup;
			children = (
				DDAB2D9827AD44F600BBA499 /* pixelated.ttf */,
				DDB24A4D27B9517000435CC2 /* Font */,
				DDF24EFA274FCAD6007929DA /* GameBoy */,
				DDB24A4827B7F8D400435CC2 /* View */,
				DDF24ECA274FCA8C007929DA /* AppDelegate.swift */,
				DD70BF7327B7A20900CA9F1C /* MyDocumentPicker.swift */,
				DDB24A4427B7F7AB00435CC2 /* MainViewController.swift */,
				DDF24ECE274FCA8C007929DA /* ViewController.swift */,
				DDAB2D9427AAF47000BBA499 /* FPSMetric.swift */,
				DDF24ED3274FCA8F007929DA /* Assets.xcassets */,
				DDF24ED5274FCA8F007929DA /* LaunchScreen.storyboard */,
				DDB24A5127B954FD00435CC2 /* Main.storyboard */,
				DDF24EFD274FCCD9007929DA /* SwiftyBoy.entitlements */,
				DD5A71D5280B0DC600ED994F /* WindowUtil.swift */,
			);
			path = SwiftyBoy;
			sourceTree = "<group>";
		};
		DDF24EE0274FCA8F007929DA /* SwiftyBoyTests */ = {
			isa = PBXGroup;
			children = (
				DDF24EE1274FCA8F007929DA /* SwiftyBoyTests.swift */,
			);
			path = SwiftyBoyTests;
			sourceTree = "<group>";
		};
		DDF24EFA274FCAD6007929DA /* GameBoy */ = {
			isa = PBXGroup;
			children = (
				DD68123C28018D2300164A32 /* Sound */,
				DD70BF7027B7993100CA9F1C /* BootRom */,
				DDE6B621279D157200D74122 /* Common */,
				DDE6B61A279D0AE900D74122 /* Joypad */,
				DD25D092275FBD3E005E45D4 /* GPU */,
				DD25D089275F96E6005E45D4 /* Cartridge */,
				DD1094BC275C953300A5AAEB /* CPU */,
				DD1094B6275C952500A5AAEB /* Motherboard.swift */,
				DD25D09B27623B34005E45D4 /* RAM.swift */,
				DDE6B622279D194200D74122 /* InterruptManager.swift */,
				DDE6B62C279D6E8600D74122 /* KeyInputMask.swift */,
				DDAB2D9027A9876000BBA499 /* GameBoy.swift */,
			);
			path = GameBoy;
			sourceTree = "<group>";
		};
/* End PBXGroup section */

/* Begin PBXNativeTarget section */
		DDF24EC6274FCA8C007929DA /* SwiftyBoy */ = {
			isa = PBXNativeTarget;
			buildConfigurationList = DDF24EF1274FCA8F007929DA /* Build configuration list for PBXNativeTarget "SwiftyBoy" */;
			buildPhases = (
				DDF24EC3274FCA8C007929DA /* Sources */,
				DDF24EC4274FCA8C007929DA /* Frameworks */,
				DDF24EC5274FCA8C007929DA /* Resources */,
			);
			buildRules = (
			);
			dependencies = (
			);
			name = SwiftyBoy;
			packageProductDependencies = (
				DD68124028019A3900164A32 /* AudioKit */,
				DD5A71D1280A77BD00ED994F /* SnapKit */,
			);
			productName = SwiftyBoy;
			productReference = DDF24EC7274FCA8C007929DA /* SwiftyBoy.app */;
			productType = "com.apple.product-type.application";
		};
		DDF24EDC274FCA8F007929DA /* SwiftyBoyTests */ = {
			isa = PBXNativeTarget;
			buildConfigurationList = DDF24EF4274FCA8F007929DA /* Build configuration list for PBXNativeTarget "SwiftyBoyTests" */;
			buildPhases = (
				DDF24ED9274FCA8F007929DA /* Sources */,
				DDF24EDA274FCA8F007929DA /* Frameworks */,
				DDF24EDB274FCA8F007929DA /* Resources */,
			);
			buildRules = (
			);
			dependencies = (
				DDF24EDF274FCA8F007929DA /* PBXTargetDependency */,
			);
			name = SwiftyBoyTests;
			productName = SwiftyBoyTests;
			productReference = DDF24EDD274FCA8F007929DA /* SwiftyBoyTests.xctest */;
			productType = "com.apple.product-type.bundle.unit-test";
		};
/* End PBXNativeTarget section */

/* Begin PBXProject section */
		DDF24EBF274FCA8C007929DA /* Project object */ = {
			isa = PBXProject;
			attributes = {
				BuildIndependentTargetsInParallel = 1;
				LastSwiftUpdateCheck = 1310;
				LastUpgradeCheck = 1310;
				TargetAttributes = {
					DDF24EC6274FCA8C007929DA = {
						CreatedOnToolsVersion = 13.1;
					};
					DDF24EDC274FCA8F007929DA = {
						CreatedOnToolsVersion = 13.1;
						TestTargetID = DDF24EC6274FCA8C007929DA;
					};
				};
			};
			buildConfigurationList = DDF24EC2274FCA8C007929DA /* Build configuration list for PBXProject "SwiftyBoy" */;
			compatibilityVersion = "Xcode 13.0";
			developmentRegion = en;
			hasScannedForEncodings = 0;
			knownRegions = (
				en,
				Base,
			);
			mainGroup = DDF24EBE274FCA8C007929DA;
			packageReferences = (
				DD68123F2801997200164A32 /* XCRemoteSwiftPackageReference "AudioKit" */,
				DDCBC57A280A7732006D8D0D /* XCRemoteSwiftPackageReference "SnapKit" */,
			);
			productRefGroup = DDF24EC8274FCA8C007929DA /* Products */;
			projectDirPath = "";
			projectRoot = "";
			targets = (
				DDF24EC6274FCA8C007929DA /* SwiftyBoy */,
				DDF24EDC274FCA8F007929DA /* SwiftyBoyTests */,
			);
		};
/* End PBXProject section */

/* Begin PBXResourcesBuildPhase section */
		DDF24EC5274FCA8C007929DA /* Resources */ = {
			isa = PBXResourcesBuildPhase;
			buildActionMask = 2147483647;
			files = (
				DDB24A5227B954FD00435CC2 /* Main.storyboard in Resources */,
				DDB24A5327B956A700435CC2 /* pixelated.ttf in Resources */,
				DDF24ED7274FCA8F007929DA /* LaunchScreen.storyboard in Resources */,
				DDF24ED4274FCA8F007929DA /* Assets.xcassets in Resources */,
			);
			runOnlyForDeploymentPostprocessing = 0;
		};
		DDF24EDB274FCA8F007929DA /* Resources */ = {
			isa = PBXResourcesBuildPhase;
			buildActionMask = 2147483647;
			files = (
			);
			runOnlyForDeploymentPostprocessing = 0;
		};
/* End PBXResourcesBuildPhase section */

/* Begin PBXSourcesBuildPhase section */
		DDF24EC3274FCA8C007929DA /* Sources */ = {
			isa = PBXSourcesBuildPhase;
			buildActionMask = 2147483647;
			files = (
				DDE6B62D279D6E8600D74122 /* KeyInputMask.swift in Sources */,
				DDAB2D9327AAC07200BBA499 /* MBC2.swift in Sources */,
				DD1094B7275C952500A5AAEB /* CPU.swift in Sources */,
				DD70BF7427B7A20900CA9F1C /* MyDocumentPicker.swift in Sources */,
				DD1094C4275CF4A600A5AAEB /* Tile.swift in Sources */,
				DD25D0982760F5F1005E45D4 /* STATRegister.swift in Sources */,
				DD25D091275FAB5A005E45D4 /* GPU.swift in Sources */,
				DD1094B8275C952500A5AAEB /* CPU+BaseInstructions.swift in Sources */,
				DD25D08B275F96F7005E45D4 /* Cartridge.swift in Sources */,
				DDF47EDE2803D93C00018667 /* RegNR33.swift in Sources */,
				DDF47EE82804421700018667 /* SoundModeReg.swift in Sources */,
				DD5A71D8280B192900ED994F /* SwitchWithTitle.swift in Sources */,
				DDF47ED82803D6FB00018667 /* RegNR30.swift in Sources */,
				DD70BF7227B7995400CA9F1C /* BootRomLoader.swift in Sources */,
				DDCBC573280863FD006D8D0D /* SoundChannel4.swift in Sources */,
				DDB24A4727B7F81000435CC2 /* VirtualJoyPadView.swift in Sources */,
				DDF47EEE280444ED00018667 /* RegInitializeParam.swift in Sources */,
				DDBF87062801D56600E608C7 /* SoundChannel2.swift in Sources */,
				DDD4A04227AEC32300A6AF07 /* MBC5.swift in Sources */,
				DD1094BB275C952500A5AAEB /* Motherboard.swift in Sources */,
				DD68123E2801961300164A32 /* SoundController.swift in Sources */,
				DDCBC577280946E6006D8D0D /* LSFR.swift in Sources */,
				DDB24A4A27B7F93C00435CC2 /* VirtualJoyPadInteractiveZone.swift in Sources */,
				DDAB2D9727AC3D8900BBA499 /* GameBoyLCDView.swift in Sources */,
				DDF24ECF274FCA8C007929DA /* ViewController.swift in Sources */,
				DDD84FD2276EFFF200E475D3 /* CartridgeLoader.swift in Sources */,
				DDE6B62F279D904F00D74122 /* MBC3.swift in Sources */,
				DDAB2D9127A9876000BBA499 /* GameBoy.swift in Sources */,
				DDF47EEA2804427C00018667 /* RegEnvelopParam.swift in Sources */,
				DD5A71D4280AE39F00ED994F /* DevPanelView.swift in Sources */,
				DD25D08D275F9895005E45D4 /* CartridgeMeta.swift in Sources */,
				DDF47EDA2803D7AB00018667 /* RegNR31.swift in Sources */,
				DDE6B61E279D0B8000D74122 /* Joypad.swift in Sources */,
				DDE6B63327A03B0C00D74122 /* Sprite.swift in Sources */,
				DDD84FDE276F663800E475D3 /* InterruptFlagRegister.swift in Sources */,
				DD1094C2275C979100A5AAEB /* CPU+Pipeline.swift in Sources */,
				DDBF870A2802BADF00E608C7 /* SoundChannelDelegate.swift in Sources */,
				DDF47ED62803D0D800018667 /* SoundChannel3.swift in Sources */,
				DDF47EEC280443A700018667 /* RegFrequencyLo.swift in Sources */,
				DDE6B60727985B9300D74122 /* CPUTimer.swift in Sources */,
				DDBF87082801D5BE00E608C7 /* ToneSoundChannel.swift in Sources */,
				DDF47EE228043FD500018667 /* RegSweepParam.swift in Sources */,
				DDCBC571280863D4006D8D0D /* RegNR44.swift in Sources */,
				DDB24A4527B7F7AB00435CC2 /* MainViewController.swift in Sources */,
				DDAB2D9527AAF47000BBA499 /* FPSMetric.swift in Sources */,
				DDF47ED42803236600018667 /* RegNR52.swift in Sources */,
				DDF47EE62804417F00018667 /* RegSoundLengthAndWaveDuty.swift in Sources */,
				DDF47ED22803216300018667 /* SoundChannelBase.swift in Sources */,
				DDE6B63527A04F8800D74122 /* Palette.swift in Sources */,
				DDF24ECB274FCA8C007929DA /* AppDelegate.swift in Sources */,
				DDADA169275E564200ACFBA8 /* CPU+CBInstructions.swift in Sources */,
				DDB24A5527B961F200435CC2 /* VirtualJoyPadDPad.swift in Sources */,
				DDCBC56F28086208006D8D0D /* RegNR43.swift in Sources */,
				DDCBC56B2808611F006D8D0D /* RegNR41.swift in Sources */,
				DD5A71D6280B0DC600ED994F /* WindowUtil.swift in Sources */,
				DDD84FD8276F21D800E475D3 /* MBCBase.swift in Sources */,
				DDE6B620279D10C900D74122 /* MemoryAccessable.swift in Sources */,
				DD25D09A2760F8DD005E45D4 /* PaletteRegister.swift in Sources */,
				DD6C14C427A5861400809779 /* Renderer.swift in Sources */,
				DD5A71DA280B2FD300ED994F /* Renderer+DevMode.swift in Sources */,
				DDAB2D8F27A95E1F00BBA499 /* DummyCart.swift in Sources */,
				DDE6B623279D194200D74122 /* InterruptManager.swift in Sources */,
				DD25D09C27623B34005E45D4 /* RAM.swift in Sources */,
				DD1094BA275C952500A5AAEB /* CPU+Util.swift in Sources */,
				DDCBC56D280861E7006D8D0D /* RegNR42.swift in Sources */,
				DDD84FDC276F64B000E475D3 /* InterruptEnableRegister.swift in Sources */,
				DD70BF6F27B7992B00CA9F1C /* BootRom.swift in Sources */,
				DDAB2D9B27AD757A00BBA499 /* MainMenuView.swift in Sources */,
				DDF47EDC2803D83600018667 /* RegNR32.swift in Sources */,
				DDF47EE02803DA7100018667 /* RegNR34.swift in Sources */,
				DDD84FDA276F24F900E475D3 /* ROMOnly.swift in Sources */,
				DD25D0962760E7D7005E45D4 /* BaseRegister.swift in Sources */,
				DD25D094275FBD53005E45D4 /* LCDCRegister.swift in Sources */,
				DDBF870C2802D30700E608C7 /* SoundChannel1.swift in Sources */,
				DDD84FD4276F171E00E475D3 /* MBC1.swift in Sources */,
				DDE6B61C279D0B0700D74122 /* JoypadButton.swift in Sources */,
			);
			runOnlyForDeploymentPostprocessing = 0;
		};
		DDF24ED9274FCA8F007929DA /* Sources */ = {
			isa = PBXSourcesBuildPhase;
			buildActionMask = 2147483647;
			files = (
				DDF24EE2274FCA8F007929DA /* SwiftyBoyTests.swift in Sources */,
			);
			runOnlyForDeploymentPostprocessing = 0;
		};
/* End PBXSourcesBuildPhase section */

/* Begin PBXTargetDependency section */
		DDF24EDF274FCA8F007929DA /* PBXTargetDependency */ = {
			isa = PBXTargetDependency;
			target = DDF24EC6274FCA8C007929DA /* SwiftyBoy */;
			targetProxy = DDF24EDE274FCA8F007929DA /* PBXContainerItemProxy */;
		};
/* End PBXTargetDependency section */

/* Begin PBXVariantGroup section */
		DDF24ED5274FCA8F007929DA /* LaunchScreen.storyboard */ = {
			isa = PBXVariantGroup;
			children = (
				DDF24ED6274FCA8F007929DA /* Base */,
			);
			name = LaunchScreen.storyboard;
			sourceTree = "<group>";
		};
/* End PBXVariantGroup section */

/* Begin XCBuildConfiguration section */
		DDF24EEF274FCA8F007929DA /* Debug */ = {
			isa = XCBuildConfiguration;
			buildSettings = {
				ALWAYS_SEARCH_USER_PATHS = NO;
				CLANG_ANALYZER_NONNULL = YES;
				CLANG_ANALYZER_NUMBER_OBJECT_CONVERSION = YES_AGGRESSIVE;
				CLANG_CXX_LANGUAGE_STANDARD = "gnu++17";
				CLANG_CXX_LIBRARY = "libc++";
				CLANG_ENABLE_MODULES = YES;
				CLANG_ENABLE_OBJC_ARC = YES;
				CLANG_ENABLE_OBJC_WEAK = YES;
				CLANG_WARN_BLOCK_CAPTURE_AUTORELEASING = YES;
				CLANG_WARN_BOOL_CONVERSION = YES;
				CLANG_WARN_COMMA = YES;
				CLANG_WARN_CONSTANT_CONVERSION = YES;
				CLANG_WARN_DEPRECATED_OBJC_IMPLEMENTATIONS = YES;
				CLANG_WARN_DIRECT_OBJC_ISA_USAGE = YES_ERROR;
				CLANG_WARN_DOCUMENTATION_COMMENTS = YES;
				CLANG_WARN_EMPTY_BODY = YES;
				CLANG_WARN_ENUM_CONVERSION = YES;
				CLANG_WARN_INFINITE_RECURSION = YES;
				CLANG_WARN_INT_CONVERSION = YES;
				CLANG_WARN_NON_LITERAL_NULL_CONVERSION = YES;
				CLANG_WARN_OBJC_IMPLICIT_RETAIN_SELF = YES;
				CLANG_WARN_OBJC_LITERAL_CONVERSION = YES;
				CLANG_WARN_OBJC_ROOT_CLASS = YES_ERROR;
				CLANG_WARN_QUOTED_INCLUDE_IN_FRAMEWORK_HEADER = YES;
				CLANG_WARN_RANGE_LOOP_ANALYSIS = YES;
				CLANG_WARN_STRICT_PROTOTYPES = YES;
				CLANG_WARN_SUSPICIOUS_MOVE = YES;
				CLANG_WARN_UNGUARDED_AVAILABILITY = YES_AGGRESSIVE;
				CLANG_WARN_UNREACHABLE_CODE = YES;
				CLANG_WARN__DUPLICATE_METHOD_MATCH = YES;
				COPY_PHASE_STRIP = NO;
				DEBUG_INFORMATION_FORMAT = dwarf;
				ENABLE_STRICT_OBJC_MSGSEND = YES;
				ENABLE_TESTABILITY = YES;
				GCC_C_LANGUAGE_STANDARD = gnu11;
				GCC_DYNAMIC_NO_PIC = NO;
				GCC_NO_COMMON_BLOCKS = YES;
				GCC_OPTIMIZATION_LEVEL = 0;
				GCC_PREPROCESSOR_DEFINITIONS = (
					"DEBUG=1",
					"$(inherited)",
				);
				GCC_WARN_64_TO_32_BIT_CONVERSION = YES;
				GCC_WARN_ABOUT_RETURN_TYPE = YES_ERROR;
				GCC_WARN_UNDECLARED_SELECTOR = YES;
				GCC_WARN_UNINITIALIZED_AUTOS = YES_AGGRESSIVE;
				GCC_WARN_UNUSED_FUNCTION = YES;
				GCC_WARN_UNUSED_VARIABLE = YES;
				IPHONEOS_DEPLOYMENT_TARGET = 15.0;
				MTL_ENABLE_DEBUG_INFO = INCLUDE_SOURCE;
				MTL_FAST_MATH = YES;
				ONLY_ACTIVE_ARCH = YES;
				SDKROOT = iphoneos;
				SWIFT_ACTIVE_COMPILATION_CONDITIONS = DEBUG;
				SWIFT_OPTIMIZATION_LEVEL = "-Onone";
			};
			name = Debug;
		};
		DDF24EF0274FCA8F007929DA /* Release */ = {
			isa = XCBuildConfiguration;
			buildSettings = {
				ALWAYS_SEARCH_USER_PATHS = NO;
				CLANG_ANALYZER_NONNULL = YES;
				CLANG_ANALYZER_NUMBER_OBJECT_CONVERSION = YES_AGGRESSIVE;
				CLANG_CXX_LANGUAGE_STANDARD = "gnu++17";
				CLANG_CXX_LIBRARY = "libc++";
				CLANG_ENABLE_MODULES = YES;
				CLANG_ENABLE_OBJC_ARC = YES;
				CLANG_ENABLE_OBJC_WEAK = YES;
				CLANG_WARN_BLOCK_CAPTURE_AUTORELEASING = YES;
				CLANG_WARN_BOOL_CONVERSION = YES;
				CLANG_WARN_COMMA = YES;
				CLANG_WARN_CONSTANT_CONVERSION = YES;
				CLANG_WARN_DEPRECATED_OBJC_IMPLEMENTATIONS = YES;
				CLANG_WARN_DIRECT_OBJC_ISA_USAGE = YES_ERROR;
				CLANG_WARN_DOCUMENTATION_COMMENTS = YES;
				CLANG_WARN_EMPTY_BODY = YES;
				CLANG_WARN_ENUM_CONVERSION = YES;
				CLANG_WARN_INFINITE_RECURSION = YES;
				CLANG_WARN_INT_CONVERSION = YES;
				CLANG_WARN_NON_LITERAL_NULL_CONVERSION = YES;
				CLANG_WARN_OBJC_IMPLICIT_RETAIN_SELF = YES;
				CLANG_WARN_OBJC_LITERAL_CONVERSION = YES;
				CLANG_WARN_OBJC_ROOT_CLASS = YES_ERROR;
				CLANG_WARN_QUOTED_INCLUDE_IN_FRAMEWORK_HEADER = YES;
				CLANG_WARN_RANGE_LOOP_ANALYSIS = YES;
				CLANG_WARN_STRICT_PROTOTYPES = YES;
				CLANG_WARN_SUSPICIOUS_MOVE = YES;
				CLANG_WARN_UNGUARDED_AVAILABILITY = YES_AGGRESSIVE;
				CLANG_WARN_UNREACHABLE_CODE = YES;
				CLANG_WARN__DUPLICATE_METHOD_MATCH = YES;
				COPY_PHASE_STRIP = NO;
				DEBUG_INFORMATION_FORMAT = "dwarf-with-dsym";
				ENABLE_NS_ASSERTIONS = NO;
				ENABLE_STRICT_OBJC_MSGSEND = YES;
				GCC_C_LANGUAGE_STANDARD = gnu11;
				GCC_NO_COMMON_BLOCKS = YES;
				GCC_WARN_64_TO_32_BIT_CONVERSION = YES;
				GCC_WARN_ABOUT_RETURN_TYPE = YES_ERROR;
				GCC_WARN_UNDECLARED_SELECTOR = YES;
				GCC_WARN_UNINITIALIZED_AUTOS = YES_AGGRESSIVE;
				GCC_WARN_UNUSED_FUNCTION = YES;
				GCC_WARN_UNUSED_VARIABLE = YES;
				IPHONEOS_DEPLOYMENT_TARGET = 15.0;
				MTL_ENABLE_DEBUG_INFO = NO;
				MTL_FAST_MATH = YES;
				SDKROOT = iphoneos;
				SWIFT_COMPILATION_MODE = wholemodule;
				SWIFT_OPTIMIZATION_LEVEL = "-O";
				VALIDATE_PRODUCT = YES;
			};
			name = Release;
		};
		DDF24EF2274FCA8F007929DA /* Debug */ = {
			isa = XCBuildConfiguration;
			buildSettings = {
				ASSETCATALOG_COMPILER_APPICON_NAME = AppIcon;
				ASSETCATALOG_COMPILER_GLOBAL_ACCENT_COLOR_NAME = AccentColor;
				CODE_SIGN_ENTITLEMENTS = SwiftyBoy/SwiftyBoy.entitlements;
				CODE_SIGN_STYLE = Automatic;
				CURRENT_PROJECT_VERSION = 1;
				DEVELOPMENT_TEAM = MAHZCHZ3RW;
				GENERATE_INFOPLIST_FILE = YES;
				INFOPLIST_FILE = SwiftyBoy/Info.plist;
				INFOPLIST_KEY_UIApplicationSupportsIndirectInputEvents = YES;
				INFOPLIST_KEY_UILaunchStoryboardName = LaunchScreen;
				INFOPLIST_KEY_UISupportedInterfaceOrientations_iPad = "UIInterfaceOrientationPortrait UIInterfaceOrientationPortraitUpsideDown UIInterfaceOrientationLandscapeLeft UIInterfaceOrientationLandscapeRight";
				INFOPLIST_KEY_UISupportedInterfaceOrientations_iPhone = "UIInterfaceOrientationPortrait UIInterfaceOrientationLandscapeLeft UIInterfaceOrientationLandscapeRight";
				LD_RUNPATH_SEARCH_PATHS = (
					"$(inherited)",
					"@executable_path/Frameworks",
				);
				MARKETING_VERSION = 1.0;
				PRODUCT_BUNDLE_IDENTIFIER = it.miketech.SwiftyBoy;
				PRODUCT_NAME = "$(TARGET_NAME)";
				SUPPORTS_MACCATALYST = YES;
				SWIFT_EMIT_LOC_STRINGS = YES;
				SWIFT_VERSION = 5.0;
				TARGETED_DEVICE_FAMILY = "1,2";
			};
			name = Debug;
		};
		DDF24EF3274FCA8F007929DA /* Release */ = {
			isa = XCBuildConfiguration;
			buildSettings = {
				ASSETCATALOG_COMPILER_APPICON_NAME = AppIcon;
				ASSETCATALOG_COMPILER_GLOBAL_ACCENT_COLOR_NAME = AccentColor;
				CODE_SIGN_ENTITLEMENTS = SwiftyBoy/SwiftyBoy.entitlements;
				CODE_SIGN_STYLE = Automatic;
				CURRENT_PROJECT_VERSION = 1;
				DEVELOPMENT_TEAM = MAHZCHZ3RW;
				GENERATE_INFOPLIST_FILE = YES;
				INFOPLIST_FILE = SwiftyBoy/Info.plist;
				INFOPLIST_KEY_UIApplicationSupportsIndirectInputEvents = YES;
				INFOPLIST_KEY_UILaunchStoryboardName = LaunchScreen;
				INFOPLIST_KEY_UISupportedInterfaceOrientations_iPad = "UIInterfaceOrientationPortrait UIInterfaceOrientationPortraitUpsideDown UIInterfaceOrientationLandscapeLeft UIInterfaceOrientationLandscapeRight";
				INFOPLIST_KEY_UISupportedInterfaceOrientations_iPhone = "UIInterfaceOrientationPortrait UIInterfaceOrientationLandscapeLeft UIInterfaceOrientationLandscapeRight";
				LD_RUNPATH_SEARCH_PATHS = (
					"$(inherited)",
					"@executable_path/Frameworks",
				);
				MARKETING_VERSION = 1.0;
				PRODUCT_BUNDLE_IDENTIFIER = it.miketech.SwiftyBoy;
				PRODUCT_NAME = "$(TARGET_NAME)";
				SUPPORTS_MACCATALYST = YES;
				SWIFT_EMIT_LOC_STRINGS = YES;
				SWIFT_VERSION = 5.0;
				TARGETED_DEVICE_FAMILY = "1,2";
			};
			name = Release;
		};
		DDF24EF5274FCA8F007929DA /* Debug */ = {
			isa = XCBuildConfiguration;
			buildSettings = {
				ALWAYS_EMBED_SWIFT_STANDARD_LIBRARIES = YES;
				BUNDLE_LOADER = "$(TEST_HOST)";
				CODE_SIGN_STYLE = Automatic;
				CURRENT_PROJECT_VERSION = 1;
				DEVELOPMENT_TEAM = H2YPMN4R7B;
				GENERATE_INFOPLIST_FILE = YES;
				IPHONEOS_DEPLOYMENT_TARGET = 15.0;
				LD_RUNPATH_SEARCH_PATHS = (
					"$(inherited)",
					"@executable_path/Frameworks",
					"@loader_path/Frameworks",
				);
				MARKETING_VERSION = 1.0;
				PRODUCT_BUNDLE_IDENTIFIER = it.miketech.SwiftyBoyTests;
				PRODUCT_NAME = "$(TARGET_NAME)";
				SWIFT_EMIT_LOC_STRINGS = NO;
				SWIFT_VERSION = 5.0;
				TARGETED_DEVICE_FAMILY = "1,2";
				TEST_HOST = "$(BUILT_PRODUCTS_DIR)/SwiftyBoy.app/SwiftyBoy";
			};
			name = Debug;
		};
		DDF24EF6274FCA8F007929DA /* Release */ = {
			isa = XCBuildConfiguration;
			buildSettings = {
				ALWAYS_EMBED_SWIFT_STANDARD_LIBRARIES = YES;
				BUNDLE_LOADER = "$(TEST_HOST)";
				CODE_SIGN_STYLE = Automatic;
				CURRENT_PROJECT_VERSION = 1;
				DEVELOPMENT_TEAM = H2YPMN4R7B;
				GENERATE_INFOPLIST_FILE = YES;
				IPHONEOS_DEPLOYMENT_TARGET = 15.0;
				LD_RUNPATH_SEARCH_PATHS = (
					"$(inherited)",
					"@executable_path/Frameworks",
					"@loader_path/Frameworks",
				);
				MARKETING_VERSION = 1.0;
				PRODUCT_BUNDLE_IDENTIFIER = it.miketech.SwiftyBoyTests;
				PRODUCT_NAME = "$(TARGET_NAME)";
				SWIFT_EMIT_LOC_STRINGS = NO;
				SWIFT_VERSION = 5.0;
				TARGETED_DEVICE_FAMILY = "1,2";
				TEST_HOST = "$(BUILT_PRODUCTS_DIR)/SwiftyBoy.app/SwiftyBoy";
			};
			name = Release;
		};
/* End XCBuildConfiguration section */

/* Begin XCConfigurationList section */
		DDF24EC2274FCA8C007929DA /* Build configuration list for PBXProject "SwiftyBoy" */ = {
			isa = XCConfigurationList;
			buildConfigurations = (
				DDF24EEF274FCA8F007929DA /* Debug */,
				DDF24EF0274FCA8F007929DA /* Release */,
			);
			defaultConfigurationIsVisible = 0;
			defaultConfigurationName = Release;
		};
		DDF24EF1274FCA8F007929DA /* Build configuration list for PBXNativeTarget "SwiftyBoy" */ = {
			isa = XCConfigurationList;
			buildConfigurations = (
				DDF24EF2274FCA8F007929DA /* Debug */,
				DDF24EF3274FCA8F007929DA /* Release */,
			);
			defaultConfigurationIsVisible = 0;
			defaultConfigurationName = Release;
		};
		DDF24EF4274FCA8F007929DA /* Build configuration list for PBXNativeTarget "SwiftyBoyTests" */ = {
			isa = XCConfigurationList;
			buildConfigurations = (
				DDF24EF5274FCA8F007929DA /* Debug */,
				DDF24EF6274FCA8F007929DA /* Release */,
			);
			defaultConfigurationIsVisible = 0;
			defaultConfigurationName = Release;
		};
/* End XCConfigurationList section */

/* Begin XCRemoteSwiftPackageReference section */
		DD68123F2801997200164A32 /* XCRemoteSwiftPackageReference "AudioKit" */ = {
			isa = XCRemoteSwiftPackageReference;
			repositoryURL = "https://github.com/AudioKit/AudioKit.git";
			requirement = {
				kind = exactVersion;
				version = 5.0.1;
			};
		};
		DDCBC57A280A7732006D8D0D /* XCRemoteSwiftPackageReference "SnapKit" */ = {
			isa = XCRemoteSwiftPackageReference;
			repositoryURL = "https://github.com/SnapKit/SnapKit.git";
			requirement = {
				kind = upToNextMajorVersion;
				minimumVersion = 5.0.1;
			};
		};
/* End XCRemoteSwiftPackageReference section */

/* Begin XCSwiftPackageProductDependency section */
		DD5A71D1280A77BD00ED994F /* SnapKit */ = {
			isa = XCSwiftPackageProductDependency;
			package = DDCBC57A280A7732006D8D0D /* XCRemoteSwiftPackageReference "SnapKit" */;
			productName = SnapKit;
		};
		DD68124028019A3900164A32 /* AudioKit */ = {
			isa = XCSwiftPackageProductDependency;
			package = DD68123F2801997200164A32 /* XCRemoteSwiftPackageReference "AudioKit" */;
			productName = AudioKit;
		};
/* End XCSwiftPackageProductDependency section */
	};
	rootObject = DDF24EBF274FCA8C007929DA /* Project object */;
}
